// !$*UTF8*$!
{
	archiveVersion = 1;
	classes = {
	};
	objectVersion = 55;
	objects = {

/* Begin PBXBuildFile section */
		7A411D4027AAB41A00A41D3B /* AppDelegate.swift in Sources */ = {isa = PBXBuildFile; fileRef = 7A411D3F27AAB41A00A41D3B /* AppDelegate.swift */; };
		7A411D4227AAB41A00A41D3B /* SceneDelegate.swift in Sources */ = {isa = PBXBuildFile; fileRef = 7A411D4127AAB41A00A41D3B /* SceneDelegate.swift */; };
		7A411D4A27AAB41A00A41D3B /* Notepad.xcdatamodeld in Sources */ = {isa = PBXBuildFile; fileRef = 7A411D4827AAB41A00A41D3B /* Notepad.xcdatamodeld */; };
		7A411D4C27AAB41D00A41D3B /* Assets.xcassets in Resources */ = {isa = PBXBuildFile; fileRef = 7A411D4B27AAB41D00A41D3B /* Assets.xcassets */; };
		7A411D4F27AAB41D00A41D3B /* LaunchScreen.storyboard in Resources */ = {isa = PBXBuildFile; fileRef = 7A411D4D27AAB41D00A41D3B /* LaunchScreen.storyboard */; };
		7A411D5A27AAB41D00A41D3B /* NotepadTests.swift in Sources */ = {isa = PBXBuildFile; fileRef = 7A411D5927AAB41D00A41D3B /* NotepadTests.swift */; };
		7A411D6427AAB41D00A41D3B /* NotepadUITests.swift in Sources */ = {isa = PBXBuildFile; fileRef = 7A411D6327AAB41D00A41D3B /* NotepadUITests.swift */; };
		7A411D6627AAB41D00A41D3B /* NotepadUITestsLaunchTests.swift in Sources */ = {isa = PBXBuildFile; fileRef = 7A411D6527AAB41D00A41D3B /* NotepadUITestsLaunchTests.swift */; };
		7A411D7427AAB47200A41D3B /* Extensions.swift in Sources */ = {isa = PBXBuildFile; fileRef = 7A411D7327AAB47200A41D3B /* Extensions.swift */; };
		7A411D7727AAB4A200A41D3B /* WordCounter.swift in Sources */ = {isa = PBXBuildFile; fileRef = 7A411D7627AAB4A200A41D3B /* WordCounter.swift */; };
		7A411D7927AAB4B600A41D3B /* PureTextView.swift in Sources */ = {isa = PBXBuildFile; fileRef = 7A411D7827AAB4B600A41D3B /* PureTextView.swift */; };
		7A411D7F27AAB5A700A41D3B /* SnapKit in Frameworks */ = {isa = PBXBuildFile; productRef = 7A411D7E27AAB5A700A41D3B /* SnapKit */; };
		7A411D8127AAB5CA00A41D3B /* ToolBar.swift in Sources */ = {isa = PBXBuildFile; fileRef = 7A411D8027AAB5CA00A41D3B /* ToolBar.swift */; };
		7A411D8327AAB5DA00A41D3B /* ToolBG.swift in Sources */ = {isa = PBXBuildFile; fileRef = 7A411D8227AAB5DA00A41D3B /* ToolBG.swift */; };
		7A411D8527AAB5F100A41D3B /* ConfigureBtn.swift in Sources */ = {isa = PBXBuildFile; fileRef = 7A411D8427AAB5F100A41D3B /* ConfigureBtn.swift */; };
		7A411D8727AAB60200A41D3B /* Handler.swift in Sources */ = {isa = PBXBuildFile; fileRef = 7A411D8627AAB60200A41D3B /* Handler.swift */; };
		7A411D8927AAB61D00A41D3B /* CurrentTextVC.swift in Sources */ = {isa = PBXBuildFile; fileRef = 7A411D8827AAB61D00A41D3B /* CurrentTextVC.swift */; };
		7A411D8E27AAB67300A41D3B /* LXGWWenKai-Regular.ttf in Resources */ = {isa = PBXBuildFile; fileRef = 7A411D8D27AAB67300A41D3B /* LXGWWenKai-Regular.ttf */; };
		7A411D9127AAB6AE00A41D3B /* CustomTextView.swift in Sources */ = {isa = PBXBuildFile; fileRef = 7A411D9027AAB6AE00A41D3B /* CustomTextView.swift */; };
		7A411D9327AAB6C500A41D3B /* CustomBtn.swift in Sources */ = {isa = PBXBuildFile; fileRef = 7A411D9227AAB6C500A41D3B /* CustomBtn.swift */; };
		7A411D9527AAB6D700A41D3B /* JoyStick.swift in Sources */ = {isa = PBXBuildFile; fileRef = 7A411D9427AAB6D700A41D3B /* JoyStick.swift */; };
		7A411D9827AAB71700A41D3B /* FirstLaunch.swift in Sources */ = {isa = PBXBuildFile; fileRef = 7A411D9727AAB71700A41D3B /* FirstLaunch.swift */; };
/* End PBXBuildFile section */

/* Begin PBXContainerItemProxy section */
		7A411D5627AAB41D00A41D3B /* PBXContainerItemProxy */ = {
			isa = PBXContainerItemProxy;
			containerPortal = 7A411D3427AAB41A00A41D3B /* Project object */;
			proxyType = 1;
			remoteGlobalIDString = 7A411D3B27AAB41A00A41D3B;
			remoteInfo = Notepad;
		};
		7A411D6027AAB41D00A41D3B /* PBXContainerItemProxy */ = {
			isa = PBXContainerItemProxy;
			containerPortal = 7A411D3427AAB41A00A41D3B /* Project object */;
			proxyType = 1;
			remoteGlobalIDString = 7A411D3B27AAB41A00A41D3B;
			remoteInfo = Notepad;
		};
/* End PBXContainerItemProxy section */

/* Begin PBXFileReference section */
		7A411D3C27AAB41A00A41D3B /* Notepad.app */ = {isa = PBXFileReference; explicitFileType = wrapper.application; includeInIndex = 0; path = Notepad.app; sourceTree = BUILT_PRODUCTS_DIR; };
		7A411D3F27AAB41A00A41D3B /* AppDelegate.swift */ = {isa = PBXFileReference; lastKnownFileType = sourcecode.swift; path = AppDelegate.swift; sourceTree = "<group>"; };
		7A411D4127AAB41A00A41D3B /* SceneDelegate.swift */ = {isa = PBXFileReference; lastKnownFileType = sourcecode.swift; path = SceneDelegate.swift; sourceTree = "<group>"; };
		7A411D4927AAB41A00A41D3B /* Notepad.xcdatamodel */ = {isa = PBXFileReference; lastKnownFileType = wrapper.xcdatamodel; path = Notepad.xcdatamodel; sourceTree = "<group>"; };
		7A411D4B27AAB41D00A41D3B /* Assets.xcassets */ = {isa = PBXFileReference; lastKnownFileType = folder.assetcatalog; path = Assets.xcassets; sourceTree = "<group>"; };
		7A411D4E27AAB41D00A41D3B /* Base */ = {isa = PBXFileReference; lastKnownFileType = file.storyboard; name = Base; path = Base.lproj/LaunchScreen.storyboard; sourceTree = "<group>"; };
		7A411D5027AAB41D00A41D3B /* Info.plist */ = {isa = PBXFileReference; lastKnownFileType = text.plist.xml; path = Info.plist; sourceTree = "<group>"; };
		7A411D5527AAB41D00A41D3B /* NotepadTests.xctest */ = {isa = PBXFileReference; explicitFileType = wrapper.cfbundle; includeInIndex = 0; path = NotepadTests.xctest; sourceTree = BUILT_PRODUCTS_DIR; };
		7A411D5927AAB41D00A41D3B /* NotepadTests.swift */ = {isa = PBXFileReference; lastKnownFileType = sourcecode.swift; path = NotepadTests.swift; sourceTree = "<group>"; };
		7A411D5F27AAB41D00A41D3B /* NotepadUITests.xctest */ = {isa = PBXFileReference; explicitFileType = wrapper.cfbundle; includeInIndex = 0; path = NotepadUITests.xctest; sourceTree = BUILT_PRODUCTS_DIR; };
		7A411D6327AAB41D00A41D3B /* NotepadUITests.swift */ = {isa = PBXFileReference; lastKnownFileType = sourcecode.swift; path = NotepadUITests.swift; sourceTree = "<group>"; };
		7A411D6527AAB41D00A41D3B /* NotepadUITestsLaunchTests.swift */ = {isa = PBXFileReference; lastKnownFileType = sourcecode.swift; path = NotepadUITestsLaunchTests.swift; sourceTree = "<group>"; };
		7A411D7327AAB47200A41D3B /* Extensions.swift */ = {isa = PBXFileReference; lastKnownFileType = sourcecode.swift; path = Extensions.swift; sourceTree = "<group>"; };
		7A411D7627AAB4A200A41D3B /* WordCounter.swift */ = {isa = PBXFileReference; lastKnownFileType = sourcecode.swift; path = WordCounter.swift; sourceTree = "<group>"; };
		7A411D7827AAB4B600A41D3B /* PureTextView.swift */ = {isa = PBXFileReference; lastKnownFileType = sourcecode.swift; path = PureTextView.swift; sourceTree = "<group>"; };
		7A411D8027AAB5CA00A41D3B /* ToolBar.swift */ = {isa = PBXFileReference; lastKnownFileType = sourcecode.swift; path = ToolBar.swift; sourceTree = "<group>"; };
		7A411D8227AAB5DA00A41D3B /* ToolBG.swift */ = {isa = PBXFileReference; lastKnownFileType = sourcecode.swift; path = ToolBG.swift; sourceTree = "<group>"; };
		7A411D8427AAB5F100A41D3B /* ConfigureBtn.swift */ = {isa = PBXFileReference; lastKnownFileType = sourcecode.swift; path = ConfigureBtn.swift; sourceTree = "<group>"; };
		7A411D8627AAB60200A41D3B /* Handler.swift */ = {isa = PBXFileReference; lastKnownFileType = sourcecode.swift; path = Handler.swift; sourceTree = "<group>"; };
		7A411D8827AAB61D00A41D3B /* CurrentTextVC.swift */ = {isa = PBXFileReference; lastKnownFileType = sourcecode.swift; path = CurrentTextVC.swift; sourceTree = "<group>"; };
		7A411D8D27AAB67300A41D3B /* LXGWWenKai-Regular.ttf */ = {isa = PBXFileReference; lastKnownFileType = file; path = "LXGWWenKai-Regular.ttf"; sourceTree = "<group>"; };
		7A411D9027AAB6AE00A41D3B /* CustomTextView.swift */ = {isa = PBXFileReference; lastKnownFileType = sourcecode.swift; path = CustomTextView.swift; sourceTree = "<group>"; };
		7A411D9227AAB6C500A41D3B /* CustomBtn.swift */ = {isa = PBXFileReference; lastKnownFileType = sourcecode.swift; path = CustomBtn.swift; sourceTree = "<group>"; };
		7A411D9427AAB6D700A41D3B /* JoyStick.swift */ = {isa = PBXFileReference; lastKnownFileType = sourcecode.swift; path = JoyStick.swift; sourceTree = "<group>"; };
		7A411D9727AAB71700A41D3B /* FirstLaunch.swift */ = {isa = PBXFileReference; lastKnownFileType = sourcecode.swift; path = FirstLaunch.swift; sourceTree = "<group>"; };
/* End PBXFileReference section */

/* Begin PBXFrameworksBuildPhase section */
		7A411D3927AAB41A00A41D3B /* Frameworks */ = {
			isa = PBXFrameworksBuildPhase;
			buildActionMask = 2147483647;
			files = (
				7A411D7F27AAB5A700A41D3B /* SnapKit in Frameworks */,
			);
			runOnlyForDeploymentPostprocessing = 0;
		};
		7A411D5227AAB41D00A41D3B /* Frameworks */ = {
			isa = PBXFrameworksBuildPhase;
			buildActionMask = 2147483647;
			files = (
			);
			runOnlyForDeploymentPostprocessing = 0;
		};
		7A411D5C27AAB41D00A41D3B /* Frameworks */ = {
			isa = PBXFrameworksBuildPhase;
			buildActionMask = 2147483647;
			files = (
			);
			runOnlyForDeploymentPostprocessing = 0;
		};
/* End PBXFrameworksBuildPhase section */

/* Begin PBXGroup section */
		7A411D3327AAB41A00A41D3B = {
			isa = PBXGroup;
			children = (
				7A411D3E27AAB41A00A41D3B /* Notepad */,
				7A411D5827AAB41D00A41D3B /* NotepadTests */,
				7A411D6227AAB41D00A41D3B /* NotepadUITests */,
				7A411D3D27AAB41A00A41D3B /* Products */,
			);
			sourceTree = "<group>";
		};
		7A411D3D27AAB41A00A41D3B /* Products */ = {
			isa = PBXGroup;
			children = (
				7A411D3C27AAB41A00A41D3B /* Notepad.app */,
				7A411D5527AAB41D00A41D3B /* NotepadTests.xctest */,
				7A411D5F27AAB41D00A41D3B /* NotepadUITests.xctest */,
			);
			name = Products;
			sourceTree = "<group>";
		};
		7A411D3E27AAB41A00A41D3B /* Notepad */ = {
			isa = PBXGroup;
			children = (
				7A411D8F27AAB69D00A41D3B /* Model */,
				7A411D7527AAB48A00A41D3B /* TextView */,
				7A411D7227AAB46300A41D3B /* Data */,
				7A411D3F27AAB41A00A41D3B /* AppDelegate.swift */,
				7A411D4127AAB41A00A41D3B /* SceneDelegate.swift */,
				7A411D4B27AAB41D00A41D3B /* Assets.xcassets */,
				7A411D4D27AAB41D00A41D3B /* LaunchScreen.storyboard */,
				7A411D5027AAB41D00A41D3B /* Info.plist */,
				7A411D4827AAB41A00A41D3B /* Notepad.xcdatamodeld */,
				7A411D9727AAB71700A41D3B /* FirstLaunch.swift */,
			);
			path = Notepad;
			sourceTree = "<group>";
		};
		7A411D5827AAB41D00A41D3B /* NotepadTests */ = {
			isa = PBXGroup;
			children = (
				7A411D5927AAB41D00A41D3B /* NotepadTests.swift */,
			);
			path = NotepadTests;
			sourceTree = "<group>";
		};
		7A411D6227AAB41D00A41D3B /* NotepadUITests */ = {
			isa = PBXGroup;
			children = (
				7A411D6327AAB41D00A41D3B /* NotepadUITests.swift */,
				7A411D6527AAB41D00A41D3B /* NotepadUITestsLaunchTests.swift */,
			);
			path = NotepadUITests;
			sourceTree = "<group>";
		};
		7A411D7227AAB46300A41D3B /* Data */ = {
			isa = PBXGroup;
			children = (
				7A411D7327AAB47200A41D3B /* Extensions.swift */,
			);
			path = Data;
			sourceTree = "<group>";
		};
		7A411D7527AAB48A00A41D3B /* TextView */ = {
			isa = PBXGroup;
			children = (
				7A411D8A27AAB64500A41D3B /* Font */,
				7A411D7627AAB4A200A41D3B /* WordCounter.swift */,
				7A411D7827AAB4B600A41D3B /* PureTextView.swift */,
				7A411D8027AAB5CA00A41D3B /* ToolBar.swift */,
				7A411D8227AAB5DA00A41D3B /* ToolBG.swift */,
				7A411D8427AAB5F100A41D3B /* ConfigureBtn.swift */,
				7A411D8627AAB60200A41D3B /* Handler.swift */,
				7A411D8827AAB61D00A41D3B /* CurrentTextVC.swift */,
			);
			path = TextView;
			sourceTree = "<group>";
		};
		7A411D8A27AAB64500A41D3B /* Font */ = {
			isa = PBXGroup;
			children = (
				7A411D8D27AAB67300A41D3B /* LXGWWenKai-Regular.ttf */,
			);
			path = Font;
			sourceTree = "<group>";
		};
		7A411D8F27AAB69D00A41D3B /* Model */ = {
			isa = PBXGroup;
			children = (
				7A411D9027AAB6AE00A41D3B /* CustomTextView.swift */,
				7A411D9227AAB6C500A41D3B /* CustomBtn.swift */,
				7A411D9427AAB6D700A41D3B /* JoyStick.swift */,
			);
			path = Model;
			sourceTree = "<group>";
		};
/* End PBXGroup section */

/* Begin PBXNativeTarget section */
		7A411D3B27AAB41A00A41D3B /* Notepad */ = {
			isa = PBXNativeTarget;
			buildConfigurationList = 7A411D6927AAB41D00A41D3B /* Build configuration list for PBXNativeTarget "Notepad" */;
			buildPhases = (
				7A411D3827AAB41A00A41D3B /* Sources */,
				7A411D3927AAB41A00A41D3B /* Frameworks */,
				7A411D3A27AAB41A00A41D3B /* Resources */,
			);
			buildRules = (
			);
			dependencies = (
			);
			name = Notepad;
			packageProductDependencies = (
				7A411D7E27AAB5A700A41D3B /* SnapKit */,
			);
			productName = Notepad;
			productReference = 7A411D3C27AAB41A00A41D3B /* Notepad.app */;
			productType = "com.apple.product-type.application";
		};
		7A411D5427AAB41D00A41D3B /* NotepadTests */ = {
			isa = PBXNativeTarget;
			buildConfigurationList = 7A411D6C27AAB41D00A41D3B /* Build configuration list for PBXNativeTarget "NotepadTests" */;
			buildPhases = (
				7A411D5127AAB41D00A41D3B /* Sources */,
				7A411D5227AAB41D00A41D3B /* Frameworks */,
				7A411D5327AAB41D00A41D3B /* Resources */,
			);
			buildRules = (
			);
			dependencies = (
				7A411D5727AAB41D00A41D3B /* PBXTargetDependency */,
			);
			name = NotepadTests;
			productName = NotepadTests;
			productReference = 7A411D5527AAB41D00A41D3B /* NotepadTests.xctest */;
			productType = "com.apple.product-type.bundle.unit-test";
		};
		7A411D5E27AAB41D00A41D3B /* NotepadUITests */ = {
			isa = PBXNativeTarget;
			buildConfigurationList = 7A411D6F27AAB41D00A41D3B /* Build configuration list for PBXNativeTarget "NotepadUITests" */;
			buildPhases = (
				7A411D5B27AAB41D00A41D3B /* Sources */,
				7A411D5C27AAB41D00A41D3B /* Frameworks */,
				7A411D5D27AAB41D00A41D3B /* Resources */,
			);
			buildRules = (
			);
			dependencies = (
				7A411D6127AAB41D00A41D3B /* PBXTargetDependency */,
			);
			name = NotepadUITests;
			productName = NotepadUITests;
			productReference = 7A411D5F27AAB41D00A41D3B /* NotepadUITests.xctest */;
			productType = "com.apple.product-type.bundle.ui-testing";
		};
/* End PBXNativeTarget section */

/* Begin PBXProject section */
		7A411D3427AAB41A00A41D3B /* Project object */ = {
			isa = PBXProject;
			attributes = {
				BuildIndependentTargetsInParallel = 1;
				LastSwiftUpdateCheck = 1320;
				LastUpgradeCheck = 1320;
				TargetAttributes = {
					7A411D3B27AAB41A00A41D3B = {
						CreatedOnToolsVersion = 13.2.1;
					};
					7A411D5427AAB41D00A41D3B = {
						CreatedOnToolsVersion = 13.2.1;
						TestTargetID = 7A411D3B27AAB41A00A41D3B;
					};
					7A411D5E27AAB41D00A41D3B = {
						CreatedOnToolsVersion = 13.2.1;
						TestTargetID = 7A411D3B27AAB41A00A41D3B;
					};
				};
			};
			buildConfigurationList = 7A411D3727AAB41A00A41D3B /* Build configuration list for PBXProject "Notepad" */;
			compatibilityVersion = "Xcode 13.0";
			developmentRegion = en;
			hasScannedForEncodings = 0;
			knownRegions = (
				en,
				Base,
			);
			mainGroup = 7A411D3327AAB41A00A41D3B;
			packageReferences = (
				7A411D7D27AAB5A700A41D3B /* XCRemoteSwiftPackageReference "SnapKit" */,
			);
			productRefGroup = 7A411D3D27AAB41A00A41D3B /* Products */;
			projectDirPath = "";
			projectRoot = "";
			targets = (
				7A411D3B27AAB41A00A41D3B /* Notepad */,
				7A411D5427AAB41D00A41D3B /* NotepadTests */,
				7A411D5E27AAB41D00A41D3B /* NotepadUITests */,
			);
		};
/* End PBXProject section */

/* Begin PBXResourcesBuildPhase section */
		7A411D3A27AAB41A00A41D3B /* Resources */ = {
			isa = PBXResourcesBuildPhase;
			buildActionMask = 2147483647;
			files = (
				7A411D4F27AAB41D00A41D3B /* LaunchScreen.storyboard in Resources */,
				7A411D4C27AAB41D00A41D3B /* Assets.xcassets in Resources */,
				7A411D8E27AAB67300A41D3B /* LXGWWenKai-Regular.ttf in Resources */,
			);
			runOnlyForDeploymentPostprocessing = 0;
		};
		7A411D5327AAB41D00A41D3B /* Resources */ = {
			isa = PBXResourcesBuildPhase;
			buildActionMask = 2147483647;
			files = (
			);
			runOnlyForDeploymentPostprocessing = 0;
		};
		7A411D5D27AAB41D00A41D3B /* Resources */ = {
			isa = PBXResourcesBuildPhase;
			buildActionMask = 2147483647;
			files = (
			);
			runOnlyForDeploymentPostprocessing = 0;
		};
/* End PBXResourcesBuildPhase section */

/* Begin PBXSourcesBuildPhase section */
		7A411D3827AAB41A00A41D3B /* Sources */ = {
			isa = PBXSourcesBuildPhase;
			buildActionMask = 2147483647;
			files = (
				7A411D9827AAB71700A41D3B /* FirstLaunch.swift in Sources */,
				7A411D9127AAB6AE00A41D3B /* CustomTextView.swift in Sources */,
				7A411D7427AAB47200A41D3B /* Extensions.swift in Sources */,
				7A411D8527AAB5F100A41D3B /* ConfigureBtn.swift in Sources */,
				7A411D9327AAB6C500A41D3B /* CustomBtn.swift in Sources */,
				7A411D8327AAB5DA00A41D3B /* ToolBG.swift in Sources */,
				7A411D9527AAB6D700A41D3B /* JoyStick.swift in Sources */,
				7A411D4027AAB41A00A41D3B /* AppDelegate.swift in Sources */,
				7A411D8127AAB5CA00A41D3B /* ToolBar.swift in Sources */,
				7A411D4227AAB41A00A41D3B /* SceneDelegate.swift in Sources */,
				7A411D7927AAB4B600A41D3B /* PureTextView.swift in Sources */,
				7A411D7727AAB4A200A41D3B /* WordCounter.swift in Sources */,
				7A411D8727AAB60200A41D3B /* Handler.swift in Sources */,
				7A411D4A27AAB41A00A41D3B /* Notepad.xcdatamodeld in Sources */,
				7A411D8927AAB61D00A41D3B /* CurrentTextVC.swift in Sources */,
			);
			runOnlyForDeploymentPostprocessing = 0;
		};
		7A411D5127AAB41D00A41D3B /* Sources */ = {
			isa = PBXSourcesBuildPhase;
			buildActionMask = 2147483647;
			files = (
				7A411D5A27AAB41D00A41D3B /* NotepadTests.swift in Sources */,
			);
			runOnlyForDeploymentPostprocessing = 0;
		};
		7A411D5B27AAB41D00A41D3B /* Sources */ = {
			isa = PBXSourcesBuildPhase;
			buildActionMask = 2147483647;
			files = (
				7A411D6627AAB41D00A41D3B /* NotepadUITestsLaunchTests.swift in Sources */,
				7A411D6427AAB41D00A41D3B /* NotepadUITests.swift in Sources */,
			);
			runOnlyForDeploymentPostprocessing = 0;
		};
/* End PBXSourcesBuildPhase section */

/* Begin PBXTargetDependency section */
		7A411D5727AAB41D00A41D3B /* PBXTargetDependency */ = {
			isa = PBXTargetDependency;
			target = 7A411D3B27AAB41A00A41D3B /* Notepad */;
			targetProxy = 7A411D5627AAB41D00A41D3B /* PBXContainerItemProxy */;
		};
		7A411D6127AAB41D00A41D3B /* PBXTargetDependency */ = {
			isa = PBXTargetDependency;
			target = 7A411D3B27AAB41A00A41D3B /* Notepad */;
			targetProxy = 7A411D6027AAB41D00A41D3B /* PBXContainerItemProxy */;
		};
/* End PBXTargetDependency section */

/* Begin PBXVariantGroup section */
		7A411D4D27AAB41D00A41D3B /* LaunchScreen.storyboard */ = {
			isa = PBXVariantGroup;
			children = (
				7A411D4E27AAB41D00A41D3B /* Base */,
			);
			name = LaunchScreen.storyboard;
			sourceTree = "<group>";
		};
/* End PBXVariantGroup section */

/* Begin XCBuildConfiguration section */
		7A411D6727AAB41D00A41D3B /* Debug */ = {
			isa = XCBuildConfiguration;
			buildSettings = {
				ALWAYS_SEARCH_USER_PATHS = NO;
				CLANG_ANALYZER_NONNULL = YES;
				CLANG_ANALYZER_NUMBER_OBJECT_CONVERSION = YES_AGGRESSIVE;
				CLANG_CXX_LANGUAGE_STANDARD = "gnu++17";
				CLANG_CXX_LIBRARY = "libc++";
				CLANG_ENABLE_MODULES = YES;
				CLANG_ENABLE_OBJC_ARC = YES;
				CLANG_ENABLE_OBJC_WEAK = YES;
				CLANG_WARN_BLOCK_CAPTURE_AUTORELEASING = YES;
				CLANG_WARN_BOOL_CONVERSION = YES;
				CLANG_WARN_COMMA = YES;
				CLANG_WARN_CONSTANT_CONVERSION = YES;
				CLANG_WARN_DEPRECATED_OBJC_IMPLEMENTATIONS = YES;
				CLANG_WARN_DIRECT_OBJC_ISA_USAGE = YES_ERROR;
				CLANG_WARN_DOCUMENTATION_COMMENTS = YES;
				CLANG_WARN_EMPTY_BODY = YES;
				CLANG_WARN_ENUM_CONVERSION = YES;
				CLANG_WARN_INFINITE_RECURSION = YES;
				CLANG_WARN_INT_CONVERSION = YES;
				CLANG_WARN_NON_LITERAL_NULL_CONVERSION = YES;
				CLANG_WARN_OBJC_IMPLICIT_RETAIN_SELF = YES;
				CLANG_WARN_OBJC_LITERAL_CONVERSION = YES;
				CLANG_WARN_OBJC_ROOT_CLASS = YES_ERROR;
				CLANG_WARN_QUOTED_INCLUDE_IN_FRAMEWORK_HEADER = YES;
				CLANG_WARN_RANGE_LOOP_ANALYSIS = YES;
				CLANG_WARN_STRICT_PROTOTYPES = YES;
				CLANG_WARN_SUSPICIOUS_MOVE = YES;
				CLANG_WARN_UNGUARDED_AVAILABILITY = YES_AGGRESSIVE;
				CLANG_WARN_UNREACHABLE_CODE = YES;
				CLANG_WARN__DUPLICATE_METHOD_MATCH = YES;
				COPY_PHASE_STRIP = NO;
				DEBUG_INFORMATION_FORMAT = dwarf;
				ENABLE_STRICT_OBJC_MSGSEND = YES;
				ENABLE_TESTABILITY = YES;
				GCC_C_LANGUAGE_STANDARD = gnu11;
				GCC_DYNAMIC_NO_PIC = NO;
				GCC_NO_COMMON_BLOCKS = YES;
				GCC_OPTIMIZATION_LEVEL = 0;
				GCC_PREPROCESSOR_DEFINITIONS = (
					"DEBUG=1",
					"$(inherited)",
				);
				GCC_WARN_64_TO_32_BIT_CONVERSION = YES;
				GCC_WARN_ABOUT_RETURN_TYPE = YES_ERROR;
				GCC_WARN_UNDECLARED_SELECTOR = YES;
				GCC_WARN_UNINITIALIZED_AUTOS = YES_AGGRESSIVE;
				GCC_WARN_UNUSED_FUNCTION = YES;
				GCC_WARN_UNUSED_VARIABLE = YES;
				IPHONEOS_DEPLOYMENT_TARGET = 13.0;
				MTL_ENABLE_DEBUG_INFO = INCLUDE_SOURCE;
				MTL_FAST_MATH = YES;
				ONLY_ACTIVE_ARCH = YES;
				SDKROOT = iphoneos;
				SWIFT_ACTIVE_COMPILATION_CONDITIONS = DEBUG;
				SWIFT_OPTIMIZATION_LEVEL = "-Onone";
			};
			name = Debug;
		};
		7A411D6827AAB41D00A41D3B /* Release */ = {
			isa = XCBuildConfiguration;
			buildSettings = {
				ALWAYS_SEARCH_USER_PATHS = NO;
				CLANG_ANALYZER_NONNULL = YES;
				CLANG_ANALYZER_NUMBER_OBJECT_CONVERSION = YES_AGGRESSIVE;
				CLANG_CXX_LANGUAGE_STANDARD = "gnu++17";
				CLANG_CXX_LIBRARY = "libc++";
				CLANG_ENABLE_MODULES = YES;
				CLANG_ENABLE_OBJC_ARC = YES;
				CLANG_ENABLE_OBJC_WEAK = YES;
				CLANG_WARN_BLOCK_CAPTURE_AUTORELEASING = YES;
				CLANG_WARN_BOOL_CONVERSION = YES;
				CLANG_WARN_COMMA = YES;
				CLANG_WARN_CONSTANT_CONVERSION = YES;
				CLANG_WARN_DEPRECATED_OBJC_IMPLEMENTATIONS = YES;
				CLANG_WARN_DIRECT_OBJC_ISA_USAGE = YES_ERROR;
				CLANG_WARN_DOCUMENTATION_COMMENTS = YES;
				CLANG_WARN_EMPTY_BODY = YES;
				CLANG_WARN_ENUM_CONVERSION = YES;
				CLANG_WARN_INFINITE_RECURSION = YES;
				CLANG_WARN_INT_CONVERSION = YES;
				CLANG_WARN_NON_LITERAL_NULL_CONVERSION = YES;
				CLANG_WARN_OBJC_IMPLICIT_RETAIN_SELF = YES;
				CLANG_WARN_OBJC_LITERAL_CONVERSION = YES;
				CLANG_WARN_OBJC_ROOT_CLASS = YES_ERROR;
				CLANG_WARN_QUOTED_INCLUDE_IN_FRAMEWORK_HEADER = YES;
				CLANG_WARN_RANGE_LOOP_ANALYSIS = YES;
				CLANG_WARN_STRICT_PROTOTYPES = YES;
				CLANG_WARN_SUSPICIOUS_MOVE = YES;
				CLANG_WARN_UNGUARDED_AVAILABILITY = YES_AGGRESSIVE;
				CLANG_WARN_UNREACHABLE_CODE = YES;
				CLANG_WARN__DUPLICATE_METHOD_MATCH = YES;
				COPY_PHASE_STRIP = NO;
				DEBUG_INFORMATION_FORMAT = "dwarf-with-dsym";
				ENABLE_NS_ASSERTIONS = NO;
				ENABLE_STRICT_OBJC_MSGSEND = YES;
				GCC_C_LANGUAGE_STANDARD = gnu11;
				GCC_NO_COMMON_BLOCKS = YES;
				GCC_WARN_64_TO_32_BIT_CONVERSION = YES;
				GCC_WARN_ABOUT_RETURN_TYPE = YES_ERROR;
				GCC_WARN_UNDECLARED_SELECTOR = YES;
				GCC_WARN_UNINITIALIZED_AUTOS = YES_AGGRESSIVE;
				GCC_WARN_UNUSED_FUNCTION = YES;
				GCC_WARN_UNUSED_VARIABLE = YES;
				IPHONEOS_DEPLOYMENT_TARGET = 13.0;
				MTL_ENABLE_DEBUG_INFO = NO;
				MTL_FAST_MATH = YES;
				SDKROOT = iphoneos;
				SWIFT_COMPILATION_MODE = wholemodule;
				SWIFT_OPTIMIZATION_LEVEL = "-O";
				VALIDATE_PRODUCT = YES;
			};
			name = Release;
		};
		7A411D6A27AAB41D00A41D3B /* Debug */ = {
			isa = XCBuildConfiguration;
			buildSettings = {
				ASSETCATALOG_COMPILER_APPICON_NAME = AppIcon;
				ASSETCATALOG_COMPILER_GLOBAL_ACCENT_COLOR_NAME = AccentColor;
				CODE_SIGN_STYLE = Automatic;
				CURRENT_PROJECT_VERSION = 1;
				DEVELOPMENT_TEAM = J848DTSBF7;
				GENERATE_INFOPLIST_FILE = YES;
				INFOPLIST_FILE = Notepad/Info.plist;
				INFOPLIST_KEY_UIApplicationSupportsIndirectInputEvents = YES;
				INFOPLIST_KEY_UILaunchStoryboardName = LaunchScreen;
				INFOPLIST_KEY_UISupportedInterfaceOrientations_iPad = "UIInterfaceOrientationPortrait UIInterfaceOrientationPortraitUpsideDown UIInterfaceOrientationLandscapeLeft UIInterfaceOrientationLandscapeRight";
				INFOPLIST_KEY_UISupportedInterfaceOrientations_iPhone = "UIInterfaceOrientationPortrait UIInterfaceOrientationLandscapeLeft UIInterfaceOrientationLandscapeRight";
				IPHONEOS_DEPLOYMENT_TARGET = 13.0;
				LD_RUNPATH_SEARCH_PATHS = (
					"$(inherited)",
					"@executable_path/Frameworks",
				);
				MARKETING_VERSION = 1.0;
				PRODUCT_BUNDLE_IDENTIFIER = com.lagrange1813.Notepad;
				PRODUCT_NAME = "$(TARGET_NAME)";
				SWIFT_EMIT_LOC_STRINGS = YES;
				SWIFT_VERSION = 5.0;
				TARGETED_DEVICE_FAMILY = "1,2";
			};
			name = Debug;
		};
		7A411D6B27AAB41D00A41D3B /* Release */ = {
			isa = XCBuildConfiguration;
			buildSettings = {
				ASSETCATALOG_COMPILER_APPICON_NAME = AppIcon;
				ASSETCATALOG_COMPILER_GLOBAL_ACCENT_COLOR_NAME = AccentColor;
				CODE_SIGN_STYLE = Automatic;
				CURRENT_PROJECT_VERSION = 1;
				DEVELOPMENT_TEAM = J848DTSBF7;
				GENERATE_INFOPLIST_FILE = YES;
				INFOPLIST_FILE = Notepad/Info.plist;
				INFOPLIST_KEY_UIApplicationSupportsIndirectInputEvents = YES;
				INFOPLIST_KEY_UILaunchStoryboardName = LaunchScreen;
				INFOPLIST_KEY_UISupportedInterfaceOrientations_iPad = "UIInterfaceOrientationPortrait UIInterfaceOrientationPortraitUpsideDown UIInterfaceOrientationLandscapeLeft UIInterfaceOrientationLandscapeRight";
				INFOPLIST_KEY_UISupportedInterfaceOrientations_iPhone = "UIInterfaceOrientationPortrait UIInterfaceOrientationLandscapeLeft UIInterfaceOrientationLandscapeRight";
				IPHONEOS_DEPLOYMENT_TARGET = 13.0;
				LD_RUNPATH_SEARCH_PATHS = (
					"$(inherited)",
					"@executable_path/Frameworks",
				);
				MARKETING_VERSION = 1.0;
				PRODUCT_BUNDLE_IDENTIFIER = com.lagrange1813.Notepad;
				PRODUCT_NAME = "$(TARGET_NAME)";
				SWIFT_EMIT_LOC_STRINGS = YES;
				SWIFT_VERSION = 5.0;
				TARGETED_DEVICE_FAMILY = "1,2";
			};
			name = Release;
		};
		7A411D6D27AAB41D00A41D3B /* Debug */ = {
			isa = XCBuildConfiguration;
			buildSettings = {
				ALWAYS_EMBED_SWIFT_STANDARD_LIBRARIES = YES;
				BUNDLE_LOADER = "$(TEST_HOST)";
				CODE_SIGN_STYLE = Automatic;
				CURRENT_PROJECT_VERSION = 1;
				DEVELOPMENT_TEAM = J848DTSBF7;
				GENERATE_INFOPLIST_FILE = YES;
				IPHONEOS_DEPLOYMENT_TARGET = 15.2;
				MARKETING_VERSION = 1.0;
				PRODUCT_BUNDLE_IDENTIFIER = com.lagrange1813.NotepadTests;
				PRODUCT_NAME = "$(TARGET_NAME)";
				SWIFT_EMIT_LOC_STRINGS = NO;
				SWIFT_VERSION = 5.0;
				TARGETED_DEVICE_FAMILY = "1,2";
				TEST_HOST = "$(BUILT_PRODUCTS_DIR)/Notepad.app/Notepad";
			};
			name = Debug;
		};
		7A411D6E27AAB41D00A41D3B /* Release */ = {
			isa = XCBuildConfiguration;
			buildSettings = {
				ALWAYS_EMBED_SWIFT_STANDARD_LIBRARIES = YES;
				BUNDLE_LOADER = "$(TEST_HOST)";
				CODE_SIGN_STYLE = Automatic;
				CURRENT_PROJECT_VERSION = 1;
				DEVELOPMENT_TEAM = J848DTSBF7;
				GENERATE_INFOPLIST_FILE = YES;
				IPHONEOS_DEPLOYMENT_TARGET = 15.2;
				MARKETING_VERSION = 1.0;
				PRODUCT_BUNDLE_IDENTIFIER = com.lagrange1813.NotepadTests;
				PRODUCT_NAME = "$(TARGET_NAME)";
				SWIFT_EMIT_LOC_STRINGS = NO;
				SWIFT_VERSION = 5.0;
				TARGETED_DEVICE_FAMILY = "1,2";
				TEST_HOST = "$(BUILT_PRODUCTS_DIR)/Notepad.app/Notepad";
			};
			name = Release;
		};
		7A411D7027AAB41D00A41D3B /* Debug */ = {
			isa = XCBuildConfiguration;
			buildSettings = {
				ALWAYS_EMBED_SWIFT_STANDARD_LIBRARIES = YES;
				CODE_SIGN_STYLE = Automatic;
				CURRENT_PROJECT_VERSION = 1;
				DEVELOPMENT_TEAM = J848DTSBF7;
				GENERATE_INFOPLIST_FILE = YES;
				MARKETING_VERSION = 1.0;
				PRODUCT_BUNDLE_IDENTIFIER = com.lagrange1813.NotepadUITests;
				PRODUCT_NAME = "$(TARGET_NAME)";
				SWIFT_EMIT_LOC_STRINGS = NO;
				SWIFT_VERSION = 5.0;
				TARGETED_DEVICE_FAMILY = "1,2";
				TEST_TARGET_NAME = Notepad;
			};
			name = Debug;
		};
		7A411D7127AAB41D00A41D3B /* Release */ = {
			isa = XCBuildConfiguration;
			buildSettings = {
				ALWAYS_EMBED_SWIFT_STANDARD_LIBRARIES = YES;
				CODE_SIGN_STYLE = Automatic;
				CURRENT_PROJECT_VERSION = 1;
				DEVELOPMENT_TEAM = J848DTSBF7;
				GENERATE_INFOPLIST_FILE = YES;
				MARKETING_VERSION = 1.0;
				PRODUCT_BUNDLE_IDENTIFIER = com.lagrange1813.NotepadUITests;
				PRODUCT_NAME = "$(TARGET_NAME)";
				SWIFT_EMIT_LOC_STRINGS = NO;
				SWIFT_VERSION = 5.0;
				TARGETED_DEVICE_FAMILY = "1,2";
				TEST_TARGET_NAME = Notepad;
			};
			name = Release;
		};
/* End XCBuildConfiguration section */

/* Begin XCConfigurationList section */
		7A411D3727AAB41A00A41D3B /* Build configuration list for PBXProject "Notepad" */ = {
			isa = XCConfigurationList;
			buildConfigurations = (
				7A411D6727AAB41D00A41D3B /* Debug */,
				7A411D6827AAB41D00A41D3B /* Release */,
			);
			defaultConfigurationIsVisible = 0;
			defaultConfigurationName = Release;
		};
		7A411D6927AAB41D00A41D3B /* Build configuration list for PBXNativeTarget "Notepad" */ = {
			isa = XCConfigurationList;
			buildConfigurations = (
				7A411D6A27AAB41D00A41D3B /* Debug */,
				7A411D6B27AAB41D00A41D3B /* Release */,
			);
			defaultConfigurationIsVisible = 0;
			defaultConfigurationName = Release;
		};
		7A411D6C27AAB41D00A41D3B /* Build configuration list for PBXNativeTarget "NotepadTests" */ = {
			isa = XCConfigurationList;
			buildConfigurations = (
				7A411D6D27AAB41D00A41D3B /* Debug */,
				7A411D6E27AAB41D00A41D3B /* Release */,
			);
			defaultConfigurationIsVisible = 0;
			defaultConfigurationName = Release;
		};
		7A411D6F27AAB41D00A41D3B /* Build configuration list for PBXNativeTarget "NotepadUITests" */ = {
			isa = XCConfigurationList;
			buildConfigurations = (
				7A411D7027AAB41D00A41D3B /* Debug */,
				7A411D7127AAB41D00A41D3B /* Release */,
			);
			defaultConfigurationIsVisible = 0;
			defaultConfigurationName = Release;
		};
/* End XCConfigurationList section */

/* Begin XCRemoteSwiftPackageReference section */
		7A411D7D27AAB5A700A41D3B /* XCRemoteSwiftPackageReference "SnapKit" */ = {
			isa = XCRemoteSwiftPackageReference;
			repositoryURL = "git@github.com:SnapKit/SnapKit.git";
			requirement = {
				kind = upToNextMajorVersion;
				minimumVersion = 5.0.0;
			};
		};
/* End XCRemoteSwiftPackageReference section */

/* Begin XCSwiftPackageProductDependency section */
		7A411D7E27AAB5A700A41D3B /* SnapKit */ = {
			isa = XCSwiftPackageProductDependency;
			package = 7A411D7D27AAB5A700A41D3B /* XCRemoteSwiftPackageReference "SnapKit" */;
			productName = SnapKit;
		};
/* End XCSwiftPackageProductDependency section */

/* Begin XCVersionGroup section */
		7A411D4827AAB41A00A41D3B /* Notepad.xcdatamodeld */ = {
			isa = XCVersionGroup;
			children = (
				7A411D4927AAB41A00A41D3B /* Notepad.xcdatamodel */,
			);
			currentVersion = 7A411D4927AAB41A00A41D3B /* Notepad.xcdatamodel */;
			path = Notepad.xcdatamodeld;
			sourceTree = "<group>";
			versionGroupType = wrapper.xcdatamodel;
		};
/* End XCVersionGroup section */
	};
	rootObject = 7A411D3427AAB41A00A41D3B /* Project object */;
}
